
Microsoft Visual Studio Solution File, Format Version 12.00
# Visual Studio Version 16
VisualStudioVersion = 16.0.30413.136
MinimumVisualStudioVersion = 10.0.40219.1
Project("{FAE04EC0-301F-11D3-BF4B-00C04F79EFBC}") = "RadaeePDF-Xamarin", "RadaeePDF-Xamarin\RadaeePDF-Xamarin.csproj", "{E3488863-4745-4243-A19A-25C7FF3E5291}"
	ProjectSection(ProjectDependencies) = postProject
		{9FAFB460-5593-4AB5-9B93-B28D9DAA0B26} = {9FAFB460-5593-4AB5-9B93-B28D9DAA0B26}
	EndProjectSection
EndProject
Project("{FAE04EC0-301F-11D3-BF4B-00C04F79EFBC}") = "RadaeePDFDemo", "RadaeePDFDemo\RadaeePDFDemo.csproj", "{FE9B00D4-71AF-4C2C-9168-1654EECCC90F}"
EndProject
Project("{FAE04EC0-301F-11D3-BF4B-00C04F79EFBC}") = "SignaturePad", "SignaturePad\SignaturePad.csproj", "{9FAFB460-5593-4AB5-9B93-B28D9DAA0B26}"
EndProject
Global
	GlobalSection(SolutionConfigurationPlatforms) = preSolution
		Debug|Any CPU = Debug|Any CPU
		Debug|x86 = Debug|x86
		Release|Any CPU = Release|Any CPU
		Release|x86 = Release|x86
	EndGlobalSection
	GlobalSection(ProjectConfigurationPlatforms) = postSolution
		{E3488863-4745-4243-A19A-25C7FF3E5291}.Debug|Any CPU.ActiveCfg = Debug|Any CPU
		{E3488863-4745-4243-A19A-25C7FF3E5291}.Debug|Any CPU.Build.0 = Debug|Any CPU
		{E3488863-4745-4243-A19A-25C7FF3E5291}.Debug|x86.ActiveCfg = Debug|Any CPU
		{E3488863-4745-4243-A19A-25C7FF3E5291}.Debug|x86.Build.0 = Debug|Any CPU
		{E3488863-4745-4243-A19A-25C7FF3E5291}.Release|Any CPU.ActiveCfg = Release|Any CPU
		{E3488863-4745-4243-A19A-25C7FF3E5291}.Release|Any CPU.Build.0 = Release|Any CPU
		{E3488863-4745-4243-A19A-25C7FF3E5291}.Release|x86.ActiveCfg = Release|Any CPU
		{E3488863-4745-4243-A19A-25C7FF3E5291}.Release|x86.Build.0 = Release|Any CPU
		{FE9B00D4-71AF-4C2C-9168-1654EECCC90F}.Debug|Any CPU.ActiveCfg = Debug|Any CPU
		{FE9B00D4-71AF-4C2C-9168-1654EECCC90F}.Debug|Any CPU.Build.0 = Debug|Any CPU
		{FE9B00D4-71AF-4C2C-9168-1654EECCC90F}.Debug|Any CPU.Deploy.0 = Debug|Any CPU
		{FE9B00D4-71AF-4C2C-9168-1654EECCC90F}.Debug|x86.ActiveCfg = Debug|x86
		{FE9B00D4-71AF-4C2C-9168-1654EECCC90F}.Debug|x86.Build.0 = Debug|x86
		{FE9B00D4-71AF-4C2C-9168-1654EECCC90F}.Debug|x86.Deploy.0 = Debug|x86
		{FE9B00D4-71AF-4C2C-9168-1654EECCC90F}.Release|Any CPU.ActiveCfg = Release|Any CPU
		{FE9B00D4-71AF-4C2C-9168-1654EECCC90F}.Release|Any CPU.Build.0 = Release|Any CPU
		{FE9B00D4-71AF-4C2C-9168-1654EECCC90F}.Release|Any CPU.Deploy.0 = Release|Any CPU
		{FE9B00D4-71AF-4C2C-9168-1654EECCC90F}.Release|x86.ActiveCfg = Release|x86
		{FE9B00D4-71AF-4C2C-9168-1654EECCC90F}.Release|x86.Build.0 = Release|x86
		{FE9B00D4-71AF-4C2C-9168-1654EECCC90F}.Release|x86.Deploy.0 = Release|x86
		{9FAFB460-5593-4AB5-9B93-B28D9DAA0B26}.Debug|Any CPU.ActiveCfg = Debug|Any CPU
		{9FAFB460-5593-4AB5-9B93-B28D9DAA0B26}.Debug|Any CPU.Build.0 = Debug|Any CPU
		{9FAFB460-5593-4AB5-9B93-B28D9DAA0B26}.Debug|x86.ActiveCfg = Debug|Any CPU
		{9FAFB460-5593-4AB5-9B93-B28D9DAA0B26}.Debug|x86.Build.0 = Debug|Any CPU
		{9FAFB460-5593-4AB5-9B93-B28D9DAA0B26}.Release|Any CPU.ActiveCfg = Release|Any CPU
		{9FAFB460-5593-4AB5-9B93-B28D9DAA0B26}.Release|Any CPU.Build.0 = Release|Any CPU
		{9FAFB460-5593-4AB5-9B93-B28D9DAA0B26}.Release|x86.ActiveCfg = Release|Any CPU
		{9FAFB460-5593-4AB5-9B93-B28D9DAA0B26}.Release|x86.Build.0 = Release|Any CPU
	EndGlobalSection
	GlobalSection(SolutionProperties) = preSolution
		HideSolutionNode = FALSE
	EndGlobalSection
	GlobalSection(ExtensibilityGlobals) = postSolution
		SolutionGuid = {031DB8C4-060B-47E7-A9F4-6FEE48E07AF6}
	EndGlobalSection
EndGlobal
