// !$*UTF8*$!
{
	archiveVersion = 1;
	classes = {
	};
	objectVersion = 46;
	objects = {

/* Begin PBXBuildFile section */
		A8159DA91D256F130007079E /* cmaps.dat in Resources */ = {isa = PBXBuildFile; fileRef = A8159D881D256F130007079E /* cmaps.dat */; };
		A8159DAA1D256F130007079E /* cmyk_rgb.dat in Resources */ = {isa = PBXBuildFile; fileRef = A8159D891D256F130007079E /* cmyk_rgb.dat */; };
		A8159DAB1D256F130007079E /* umaps.dat in Resources */ = {isa = PBXBuildFile; fileRef = A8159D8A1D256F130007079E /* umaps.dat */; };
		A8159DAC1D256F130007079E /* 00 in Resources */ = {isa = PBXBuildFile; fileRef = A8159D8C1D256F130007079E /* 00 */; };
		A8159DAD1D256F130007079E /* 01 in Resources */ = {isa = PBXBuildFile; fileRef = A8159D8D1D256F130007079E /* 01 */; };
		A8159DAE1D256F130007079E /* 02 in Resources */ = {isa = PBXBuildFile; fileRef = A8159D8E1D256F130007079E /* 02 */; };
		A8159DAF1D256F130007079E /* 03 in Resources */ = {isa = PBXBuildFile; fileRef = A8159D8F1D256F130007079E /* 03 */; };
		A8159DB01D256F130007079E /* 04 in Resources */ = {isa = PBXBuildFile; fileRef = A8159D901D256F130007079E /* 04 */; };
		A8159DB11D256F130007079E /* 05 in Resources */ = {isa = PBXBuildFile; fileRef = A8159D911D256F130007079E /* 05 */; };
		A8159DB21D256F130007079E /* 06 in Resources */ = {isa = PBXBuildFile; fileRef = A8159D921D256F130007079E /* 06 */; };
		A8159DB31D256F130007079E /* 07 in Resources */ = {isa = PBXBuildFile; fileRef = A8159D931D256F130007079E /* 07 */; };
		A8159DB41D256F130007079E /* 08 in Resources */ = {isa = PBXBuildFile; fileRef = A8159D941D256F130007079E /* 08 */; };
		A8159DB51D256F130007079E /* 09 in Resources */ = {isa = PBXBuildFile; fileRef = A8159D951D256F130007079E /* 09 */; };
		A8159DB61D256F130007079E /* 10 in Resources */ = {isa = PBXBuildFile; fileRef = A8159D961D256F130007079E /* 10 */; };
		A8159DB71D256F130007079E /* 11 in Resources */ = {isa = PBXBuildFile; fileRef = A8159D971D256F130007079E /* 11 */; };
		A8159DB81D256F130007079E /* 12 in Resources */ = {isa = PBXBuildFile; fileRef = A8159D981D256F130007079E /* 12 */; };
		A8159DB91D256F130007079E /* 13 in Resources */ = {isa = PBXBuildFile; fileRef = A8159D991D256F130007079E /* 13 */; };
		A8159DBA1D256F130007079E /* argbsn00lp.ttf in Resources */ = {isa = PBXBuildFile; fileRef = A8159D9A1D256F130007079E /* argbsn00lp.ttf */; };
		A8159DBB1D256F130007079E /* arimo.ttf in Resources */ = {isa = PBXBuildFile; fileRef = A8159D9B1D256F130007079E /* arimo.ttf */; };
		A8159DBC1D256F130007079E /* arimob.ttf in Resources */ = {isa = PBXBuildFile; fileRef = A8159D9C1D256F130007079E /* arimob.ttf */; };
		A8159DBD1D256F130007079E /* arimobi.ttf in Resources */ = {isa = PBXBuildFile; fileRef = A8159D9D1D256F130007079E /* arimobi.ttf */; };
		A8159DBE1D256F130007079E /* arimoi.ttf in Resources */ = {isa = PBXBuildFile; fileRef = A8159D9E1D256F130007079E /* arimoi.ttf */; };
		A8159DBF1D256F130007079E /* cousine.ttf in Resources */ = {isa = PBXBuildFile; fileRef = A8159D9F1D256F130007079E /* cousine.ttf */; };
		A8159DC01D256F130007079E /* cousineb.ttf in Resources */ = {isa = PBXBuildFile; fileRef = A8159DA01D256F130007079E /* cousineb.ttf */; };
		A8159DC11D256F130007079E /* cousinebi.ttf in Resources */ = {isa = PBXBuildFile; fileRef = A8159DA11D256F130007079E /* cousinebi.ttf */; };
		A8159DC21D256F130007079E /* cousinei.ttf in Resources */ = {isa = PBXBuildFile; fileRef = A8159DA21D256F130007079E /* cousinei.ttf */; };
		A8159DC31D256F130007079E /* rdf008.ttf in Resources */ = {isa = PBXBuildFile; fileRef = A8159DA31D256F130007079E /* rdf008.ttf */; };
		A8159DC41D256F130007079E /* rdf013.ttf in Resources */ = {isa = PBXBuildFile; fileRef = A8159DA41D256F130007079E /* rdf013.ttf */; };
		A8159DC51D256F130007079E /* tinos.ttf in Resources */ = {isa = PBXBuildFile; fileRef = A8159DA51D256F130007079E /* tinos.ttf */; };
		A8159DC61D256F130007079E /* tinosb.ttf in Resources */ = {isa = PBXBuildFile; fileRef = A8159DA61D256F130007079E /* tinosb.ttf */; };
		A8159DC71D256F130007079E /* tinosbi.ttf in Resources */ = {isa = PBXBuildFile; fileRef = A8159DA71D256F130007079E /* tinosbi.ttf */; };
		A8159DC81D256F130007079E /* tinosi.ttf in Resources */ = {isa = PBXBuildFile; fileRef = A8159DA81D256F130007079E /* tinosi.ttf */; };
		A84A2D611D2285B800B2A4F2 /* btn_annot_ellipse.png in Resources */ = {isa = PBXBuildFile; fileRef = A84A2D521D2285B800B2A4F2 /* btn_annot_ellipse.png */; };
		A84A2D621D2285B800B2A4F2 /* btn_annot_ink.png in Resources */ = {isa = PBXBuildFile; fileRef = A84A2D531D2285B800B2A4F2 /* btn_annot_ink.png */; };
		A84A2D631D2285B800B2A4F2 /* btn_annot_rect.png in Resources */ = {isa = PBXBuildFile; fileRef = A84A2D541D2285B800B2A4F2 /* btn_annot_rect.png */; };
		A84A2D641D2285B800B2A4F2 /* btn_done.png in Resources */ = {isa = PBXBuildFile; fileRef = A84A2D551D2285B800B2A4F2 /* btn_done.png */; };
		A84A2D651D2285B800B2A4F2 /* btn_left.png in Resources */ = {isa = PBXBuildFile; fileRef = A84A2D561D2285B800B2A4F2 /* btn_left.png */; };
		A84A2D661D2285B800B2A4F2 /* btn_outline.png in Resources */ = {isa = PBXBuildFile; fileRef = A84A2D571D2285B800B2A4F2 /* btn_outline.png */; };
		A84A2D671D2285B800B2A4F2 /* btn_perform.png in Resources */ = {isa = PBXBuildFile; fileRef = A84A2D581D2285B800B2A4F2 /* btn_perform.png */; };
		A84A2D681D2285B800B2A4F2 /* btn_print.png in Resources */ = {isa = PBXBuildFile; fileRef = A84A2D591D2285B800B2A4F2 /* btn_print.png */; };
		A84A2D691D2285B800B2A4F2 /* btn_remove.png in Resources */ = {isa = PBXBuildFile; fileRef = A84A2D5A1D2285B800B2A4F2 /* btn_remove.png */; };
		A84A2D6A1D2285B800B2A4F2 /* btn_right.png in Resources */ = {isa = PBXBuildFile; fileRef = A84A2D5B1D2285B800B2A4F2 /* btn_right.png */; };
		A84A2D6B1D2285B800B2A4F2 /* btn_search.png in Resources */ = {isa = PBXBuildFile; fileRef = A84A2D5C1D2285B800B2A4F2 /* btn_search.png */; };
		A84A2D6C1D2285B800B2A4F2 /* btn_view_dual.png in Resources */ = {isa = PBXBuildFile; fileRef = A84A2D5D1D2285B800B2A4F2 /* btn_view_dual.png */; };
		A84A2D6D1D2285B800B2A4F2 /* btn_view_single.png in Resources */ = {isa = PBXBuildFile; fileRef = A84A2D5E1D2285B800B2A4F2 /* btn_view_single.png */; };
		A84A2D6E1D2285B800B2A4F2 /* btn_view_vert.png in Resources */ = {isa = PBXBuildFile; fileRef = A84A2D5F1D2285B800B2A4F2 /* btn_view_vert.png */; };
		A84A2D6F1D2285B800B2A4F2 /* btn_view.png in Resources */ = {isa = PBXBuildFile; fileRef = A84A2D601D2285B800B2A4F2 /* btn_view.png */; };
		A84A2D731D22B6F900B2A4F2 /* test.pdf in Resources */ = {isa = PBXBuildFile; fileRef = A84A2D721D22B6F800B2A4F2 /* test.pdf */; };
		A88EBD1F1D1824B70084C9A9 /* main.m in Sources */ = {isa = PBXBuildFile; fileRef = A88EBD1E1D1824B70084C9A9 /* main.m */; };
		A88EBD221D1824B70084C9A9 /* AppDelegate.m in Sources */ = {isa = PBXBuildFile; fileRef = A88EBD211D1824B70084C9A9 /* AppDelegate.m */; };
		A88EBD251D1824B70084C9A9 /* ViewController.m in Sources */ = {isa = PBXBuildFile; fileRef = A88EBD241D1824B70084C9A9 /* ViewController.m */; };
		A88EBD281D1824B70084C9A9 /* Main.storyboard in Resources */ = {isa = PBXBuildFile; fileRef = A88EBD261D1824B70084C9A9 /* Main.storyboard */; };
		A88EBD2A1D1824B70084C9A9 /* Assets.xcassets in Resources */ = {isa = PBXBuildFile; fileRef = A88EBD291D1824B70084C9A9 /* Assets.xcassets */; };
		A88EBD2D1D1824B70084C9A9 /* LaunchScreen.storyboard in Resources */ = {isa = PBXBuildFile; fileRef = A88EBD2B1D1824B70084C9A9 /* LaunchScreen.storyboard */; };
		A88EBD401D1829F60084C9A9 /* libRDPDFLibSDK.a in Frameworks */ = {isa = PBXBuildFile; fileRef = A88EBD3F1D1829F60084C9A9 /* libRDPDFLibSDK.a */; };
/* End PBXBuildFile section */

/* Begin PBXFileReference section */
		A8159D881D256F130007079E /* cmaps.dat */ = {isa = PBXFileReference; lastKnownFileType = file; path = cmaps.dat; sourceTree = "<group>"; };
		A8159D891D256F130007079E /* cmyk_rgb.dat */ = {isa = PBXFileReference; lastKnownFileType = file; path = cmyk_rgb.dat; sourceTree = "<group>"; };
		A8159D8A1D256F130007079E /* umaps.dat */ = {isa = PBXFileReference; lastKnownFileType = file; path = umaps.dat; sourceTree = "<group>"; };
		A8159D8C1D256F130007079E /* 00 */ = {isa = PBXFileReference; lastKnownFileType = file; path = 00; sourceTree = "<group>"; };
		A8159D8D1D256F130007079E /* 01 */ = {isa = PBXFileReference; lastKnownFileType = file; path = 01; sourceTree = "<group>"; };
		A8159D8E1D256F130007079E /* 02 */ = {isa = PBXFileReference; lastKnownFileType = file; path = 02; sourceTree = "<group>"; };
		A8159D8F1D256F130007079E /* 03 */ = {isa = PBXFileReference; lastKnownFileType = file; path = 03; sourceTree = "<group>"; };
		A8159D901D256F130007079E /* 04 */ = {isa = PBXFileReference; lastKnownFileType = file; path = 04; sourceTree = "<group>"; };
		A8159D911D256F130007079E /* 05 */ = {isa = PBXFileReference; lastKnownFileType = file; path = 05; sourceTree = "<group>"; };
		A8159D921D256F130007079E /* 06 */ = {isa = PBXFileReference; lastKnownFileType = file; path = 06; sourceTree = "<group>"; };
		A8159D931D256F130007079E /* 07 */ = {isa = PBXFileReference; lastKnownFileType = file; path = 07; sourceTree = "<group>"; };
		A8159D941D256F130007079E /* 08 */ = {isa = PBXFileReference; lastKnownFileType = file; path = 08; sourceTree = "<group>"; };
		A8159D951D256F130007079E /* 09 */ = {isa = PBXFileReference; lastKnownFileType = file; path = 09; sourceTree = "<group>"; };
		A8159D961D256F130007079E /* 10 */ = {isa = PBXFileReference; lastKnownFileType = file; path = 10; sourceTree = "<group>"; };
		A8159D971D256F130007079E /* 11 */ = {isa = PBXFileReference; lastKnownFileType = file; path = 11; sourceTree = "<group>"; };
		A8159D981D256F130007079E /* 12 */ = {isa = PBXFileReference; lastKnownFileType = file; path = 12; sourceTree = "<group>"; };
		A8159D991D256F130007079E /* 13 */ = {isa = PBXFileReference; lastKnownFileType = file; path = 13; sourceTree = "<group>"; };
		A8159D9A1D256F130007079E /* argbsn00lp.ttf */ = {isa = PBXFileReference; lastKnownFileType = file; path = argbsn00lp.ttf; sourceTree = "<group>"; };
		A8159D9B1D256F130007079E /* arimo.ttf */ = {isa = PBXFileReference; lastKnownFileType = file; path = arimo.ttf; sourceTree = "<group>"; };
		A8159D9C1D256F130007079E /* arimob.ttf */ = {isa = PBXFileReference; lastKnownFileType = file; path = arimob.ttf; sourceTree = "<group>"; };
		A8159D9D1D256F130007079E /* arimobi.ttf */ = {isa = PBXFileReference; lastKnownFileType = file; path = arimobi.ttf; sourceTree = "<group>"; };
		A8159D9E1D256F130007079E /* arimoi.ttf */ = {isa = PBXFileReference; lastKnownFileType = file; path = arimoi.ttf; sourceTree = "<group>"; };
		A8159D9F1D256F130007079E /* cousine.ttf */ = {isa = PBXFileReference; lastKnownFileType = file; path = cousine.ttf; sourceTree = "<group>"; };
		A8159DA01D256F130007079E /* cousineb.ttf */ = {isa = PBXFileReference; lastKnownFileType = file; path = cousineb.ttf; sourceTree = "<group>"; };
		A8159DA11D256F130007079E /* cousinebi.ttf */ = {isa = PBXFileReference; lastKnownFileType = file; path = cousinebi.ttf; sourceTree = "<group>"; };
		A8159DA21D256F130007079E /* cousinei.ttf */ = {isa = PBXFileReference; lastKnownFileType = file; path = cousinei.ttf; sourceTree = "<group>"; };
		A8159DA31D256F130007079E /* rdf008.ttf */ = {isa = PBXFileReference; lastKnownFileType = file; path = rdf008.ttf; sourceTree = "<group>"; };
		A8159DA41D256F130007079E /* rdf013.ttf */ = {isa = PBXFileReference; lastKnownFileType = file; path = rdf013.ttf; sourceTree = "<group>"; };
		A8159DA51D256F130007079E /* tinos.ttf */ = {isa = PBXFileReference; lastKnownFileType = file; path = tinos.ttf; sourceTree = "<group>"; };
		A8159DA61D256F130007079E /* tinosb.ttf */ = {isa = PBXFileReference; lastKnownFileType = file; path = tinosb.ttf; sourceTree = "<group>"; };
		A8159DA71D256F130007079E /* tinosbi.ttf */ = {isa = PBXFileReference; lastKnownFileType = file; path = tinosbi.ttf; sourceTree = "<group>"; };
		A8159DA81D256F130007079E /* tinosi.ttf */ = {isa = PBXFileReference; lastKnownFileType = file; path = tinosi.ttf; sourceTree = "<group>"; };
		A84A2D521D2285B800B2A4F2 /* btn_annot_ellipse.png */ = {isa = PBXFileReference; lastKnownFileType = image.png; path = btn_annot_ellipse.png; sourceTree = "<group>"; };
		A84A2D531D2285B800B2A4F2 /* btn_annot_ink.png */ = {isa = PBXFileReference; lastKnownFileType = image.png; path = btn_annot_ink.png; sourceTree = "<group>"; };
		A84A2D541D2285B800B2A4F2 /* btn_annot_rect.png */ = {isa = PBXFileReference; lastKnownFileType = image.png; path = btn_annot_rect.png; sourceTree = "<group>"; };
		A84A2D551D2285B800B2A4F2 /* btn_done.png */ = {isa = PBXFileReference; lastKnownFileType = image.png; path = btn_done.png; sourceTree = "<group>"; };
		A84A2D561D2285B800B2A4F2 /* btn_left.png */ = {isa = PBXFileReference; lastKnownFileType = image.png; path = btn_left.png; sourceTree = "<group>"; };
		A84A2D571D2285B800B2A4F2 /* btn_outline.png */ = {isa = PBXFileReference; lastKnownFileType = image.png; path = btn_outline.png; sourceTree = "<group>"; };
		A84A2D581D2285B800B2A4F2 /* btn_perform.png */ = {isa = PBXFileReference; lastKnownFileType = image.png; path = btn_perform.png; sourceTree = "<group>"; };
		A84A2D591D2285B800B2A4F2 /* btn_print.png */ = {isa = PBXFileReference; lastKnownFileType = image.png; path = btn_print.png; sourceTree = "<group>"; };
		A84A2D5A1D2285B800B2A4F2 /* btn_remove.png */ = {isa = PBXFileReference; lastKnownFileType = image.png; path = btn_remove.png; sourceTree = "<group>"; };
		A84A2D5B1D2285B800B2A4F2 /* btn_right.png */ = {isa = PBXFileReference; lastKnownFileType = image.png; path = btn_right.png; sourceTree = "<group>"; };
		A84A2D5C1D2285B800B2A4F2 /* btn_search.png */ = {isa = PBXFileReference; lastKnownFileType = image.png; path = btn_search.png; sourceTree = "<group>"; };
		A84A2D5D1D2285B800B2A4F2 /* btn_view_dual.png */ = {isa = PBXFileReference; lastKnownFileType = image.png; path = btn_view_dual.png; sourceTree = "<group>"; };
		A84A2D5E1D2285B800B2A4F2 /* btn_view_single.png */ = {isa = PBXFileReference; lastKnownFileType = image.png; path = btn_view_single.png; sourceTree = "<group>"; };
		A84A2D5F1D2285B800B2A4F2 /* btn_view_vert.png */ = {isa = PBXFileReference; lastKnownFileType = image.png; path = btn_view_vert.png; sourceTree = "<group>"; };
		A84A2D601D2285B800B2A4F2 /* btn_view.png */ = {isa = PBXFileReference; lastKnownFileType = image.png; path = btn_view.png; sourceTree = "<group>"; };
		A84A2D721D22B6F800B2A4F2 /* test.pdf */ = {isa = PBXFileReference; lastKnownFileType = image.pdf; path = test.pdf; sourceTree = "<group>"; };
		A88EBD1A1D1824B70084C9A9 /* RadaeeViewerLib.app */ = {isa = PBXFileReference; explicitFileType = wrapper.application; includeInIndex = 0; path = RadaeeViewerLib.app; sourceTree = BUILT_PRODUCTS_DIR; };
		A88EBD1E1D1824B70084C9A9 /* main.m */ = {isa = PBXFileReference; lastKnownFileType = sourcecode.c.objc; path = main.m; sourceTree = "<group>"; };
		A88EBD201D1824B70084C9A9 /* AppDelegate.h */ = {isa = PBXFileReference; lastKnownFileType = sourcecode.c.h; path = AppDelegate.h; sourceTree = "<group>"; };
		A88EBD211D1824B70084C9A9 /* AppDelegate.m */ = {isa = PBXFileReference; lastKnownFileType = sourcecode.c.objc; path = AppDelegate.m; sourceTree = "<group>"; };
		A88EBD231D1824B70084C9A9 /* ViewController.h */ = {isa = PBXFileReference; lastKnownFileType = sourcecode.c.h; path = ViewController.h; sourceTree = "<group>"; };
		A88EBD241D1824B70084C9A9 /* ViewController.m */ = {isa = PBXFileReference; lastKnownFileType = sourcecode.c.objc; path = ViewController.m; sourceTree = "<group>"; };
		A88EBD271D1824B70084C9A9 /* Base */ = {isa = PBXFileReference; lastKnownFileType = file.storyboard; name = Base; path = Base.lproj/Main.storyboard; sourceTree = "<group>"; };
		A88EBD291D1824B70084C9A9 /* Assets.xcassets */ = {isa = PBXFileReference; lastKnownFileType = folder.assetcatalog; path = Assets.xcassets; sourceTree = "<group>"; };
		A88EBD2C1D1824B70084C9A9 /* Base */ = {isa = PBXFileReference; lastKnownFileType = file.storyboard; name = Base; path = Base.lproj/LaunchScreen.storyboard; sourceTree = "<group>"; };
		A88EBD2E1D1824B70084C9A9 /* Info.plist */ = {isa = PBXFileReference; lastKnownFileType = text.plist.xml; path = Info.plist; sourceTree = "<group>"; };
		A88EBD371D1824F10084C9A9 /* RadaeeLib.h */ = {isa = PBXFileReference; fileEncoding = 4; lastKnownFileType = sourcecode.c.h; path = RadaeeLib.h; sourceTree = "<group>"; };
		A88EBD381D1824F10084C9A9 /* RadaeePDFPlugin.h */ = {isa = PBXFileReference; fileEncoding = 4; lastKnownFileType = sourcecode.c.h; path = RadaeePDFPlugin.h; sourceTree = "<group>"; };
		A88EBD3F1D1829F60084C9A9 /* libRDPDFLibSDK.a */ = {isa = PBXFileReference; lastKnownFileType = archive.ar; path = libRDPDFLibSDK.a; sourceTree = "<group>"; };
/* End PBXFileReference section */

/* Begin PBXFrameworksBuildPhase section */
		A88EBD171D1824B70084C9A9 /* Frameworks */ = {
			isa = PBXFrameworksBuildPhase;
			buildActionMask = 2147483647;
			files = (
				A88EBD401D1829F60084C9A9 /* libRDPDFLibSDK.a in Frameworks */,
			);
			runOnlyForDeploymentPostprocessing = 0;
		};
/* End PBXFrameworksBuildPhase section */

/* Begin PBXGroup section */
		A8159D871D256F130007079E /* cmaps */ = {
			isa = PBXGroup;
			children = (
				A8159D881D256F130007079E /* cmaps.dat */,
				A8159D891D256F130007079E /* cmyk_rgb.dat */,
				A8159D8A1D256F130007079E /* umaps.dat */,
			);
			path = cmaps;
			sourceTree = "<group>";
		};
		A8159D8B1D256F130007079E /* fdat */ = {
			isa = PBXGroup;
			children = (
				A8159D8C1D256F130007079E /* 00 */,
				A8159D8D1D256F130007079E /* 01 */,
				A8159D8E1D256F130007079E /* 02 */,
				A8159D8F1D256F130007079E /* 03 */,
				A8159D901D256F130007079E /* 04 */,
				A8159D911D256F130007079E /* 05 */,
				A8159D921D256F130007079E /* 06 */,
				A8159D931D256F130007079E /* 07 */,
				A8159D941D256F130007079E /* 08 */,
				A8159D951D256F130007079E /* 09 */,
				A8159D961D256F130007079E /* 10 */,
				A8159D971D256F130007079E /* 11 */,
				A8159D981D256F130007079E /* 12 */,
				A8159D991D256F130007079E /* 13 */,
				A8159D9A1D256F130007079E /* argbsn00lp.ttf */,
				A8159D9B1D256F130007079E /* arimo.ttf */,
				A8159D9C1D256F130007079E /* arimob.ttf */,
				A8159D9D1D256F130007079E /* arimobi.ttf */,
				A8159D9E1D256F130007079E /* arimoi.ttf */,
				A8159D9F1D256F130007079E /* cousine.ttf */,
				A8159DA01D256F130007079E /* cousineb.ttf */,
				A8159DA11D256F130007079E /* cousinebi.ttf */,
				A8159DA21D256F130007079E /* cousinei.ttf */,
				A8159DA31D256F130007079E /* rdf008.ttf */,
				A8159DA41D256F130007079E /* rdf013.ttf */,
				A8159DA51D256F130007079E /* tinos.ttf */,
				A8159DA61D256F130007079E /* tinosb.ttf */,
				A8159DA71D256F130007079E /* tinosbi.ttf */,
				A8159DA81D256F130007079E /* tinosi.ttf */,
			);
			path = fdat;
			sourceTree = "<group>";
		};
		A88EBD111D1824B70084C9A9 = {
			isa = PBXGroup;
			children = (
				A88EBD1C1D1824B70084C9A9 /* RadaeeViewerLib */,
				A88EBD1B1D1824B70084C9A9 /* Products */,
			);
			sourceTree = "<group>";
		};
		A88EBD1B1D1824B70084C9A9 /* Products */ = {
			isa = PBXGroup;
			children = (
				A88EBD1A1D1824B70084C9A9 /* RadaeeViewerLib.app */,
			);
			name = Products;
			sourceTree = "<group>";
		};
		A88EBD1C1D1824B70084C9A9 /* RadaeeViewerLib */ = {
			isa = PBXGroup;
			children = (
				A84A2D721D22B6F800B2A4F2 /* test.pdf */,
				A88EBD341D1824E80084C9A9 /* Radaee */,
				A88EBD201D1824B70084C9A9 /* AppDelegate.h */,
				A88EBD211D1824B70084C9A9 /* AppDelegate.m */,
				A88EBD231D1824B70084C9A9 /* ViewController.h */,
				A88EBD241D1824B70084C9A9 /* ViewController.m */,
				A88EBD261D1824B70084C9A9 /* Main.storyboard */,
				A88EBD291D1824B70084C9A9 /* Assets.xcassets */,
				A88EBD2B1D1824B70084C9A9 /* LaunchScreen.storyboard */,
				A88EBD2E1D1824B70084C9A9 /* Info.plist */,
				A88EBD1D1D1824B70084C9A9 /* Supporting Files */,
			);
			path = RadaeeViewerLib;
			sourceTree = "<group>";
		};
		A88EBD1D1D1824B70084C9A9 /* Supporting Files */ = {
			isa = PBXGroup;
			children = (
				A88EBD1E1D1824B70084C9A9 /* main.m */,
			);
			name = "Supporting Files";
			sourceTree = "<group>";
		};
		A88EBD341D1824E80084C9A9 /* Radaee */ = {
			isa = PBXGroup;
			children = (
				A88EBD451D182B700084C9A9 /* Resources */,
				A88EBD351D1824F10084C9A9 /* include */,
				A88EBD3F1D1829F60084C9A9 /* libRDPDFLibSDK.a */,
			);
			name = Radaee;
			sourceTree = "<group>";
		};
		A88EBD351D1824F10084C9A9 /* include */ = {
			isa = PBXGroup;
			children = (
				A88EBD361D1824F10084C9A9 /* RadaeeLib */,
			);
			path = include;
			sourceTree = "<group>";
		};
		A88EBD361D1824F10084C9A9 /* RadaeeLib */ = {
			isa = PBXGroup;
			children = (
				A88EBD371D1824F10084C9A9 /* RadaeeLib.h */,
				A88EBD381D1824F10084C9A9 /* RadaeePDFPlugin.h */,
			);
			path = RadaeeLib;
			sourceTree = "<group>";
		};
		A88EBD451D182B700084C9A9 /* Resources */ = {
			isa = PBXGroup;
			children = (
				A8159D871D256F130007079E /* cmaps */,
				A8159D8B1D256F130007079E /* fdat */,
				A84A2D521D2285B800B2A4F2 /* btn_annot_ellipse.png */,
				A84A2D531D2285B800B2A4F2 /* btn_annot_ink.png */,
				A84A2D541D2285B800B2A4F2 /* btn_annot_rect.png */,
				A84A2D551D2285B800B2A4F2 /* btn_done.png */,
				A84A2D561D2285B800B2A4F2 /* btn_left.png */,
				A84A2D571D2285B800B2A4F2 /* btn_outline.png */,
				A84A2D581D2285B800B2A4F2 /* btn_perform.png */,
				A84A2D591D2285B800B2A4F2 /* btn_print.png */,
				A84A2D5A1D2285B800B2A4F2 /* btn_remove.png */,
				A84A2D5B1D2285B800B2A4F2 /* btn_right.png */,
				A84A2D5C1D2285B800B2A4F2 /* btn_search.png */,
				A84A2D5D1D2285B800B2A4F2 /* btn_view_dual.png */,
				A84A2D5F1D2285B800B2A4F2 /* btn_view_vert.png */,
				A84A2D5E1D2285B800B2A4F2 /* btn_view_single.png */,
				A84A2D601D2285B800B2A4F2 /* btn_view.png */,
			);
			path = Resources;
			sourceTree = "<group>";
		};
/* End PBXGroup section */

/* Begin PBXNativeTarget section */
		A88EBD191D1824B70084C9A9 /* RadaeeViewerLib */ = {
			isa = PBXNativeTarget;
			buildConfigurationList = A88EBD311D1824B70084C9A9 /* Build configuration list for PBXNativeTarget "RadaeeViewerLib" */;
			buildPhases = (
				A88EBD161D1824B70084C9A9 /* Sources */,
				A88EBD171D1824B70084C9A9 /* Frameworks */,
				A88EBD181D1824B70084C9A9 /* Resources */,
			);
			buildRules = (
			);
			dependencies = (
			);
			name = RadaeeViewerLib;
			productName = RadaeeViewerLib;
			productReference = A88EBD1A1D1824B70084C9A9 /* RadaeeViewerLib.app */;
			productType = "com.apple.product-type.application";
		};
/* End PBXNativeTarget section */

/* Begin PBXProject section */
		A88EBD121D1824B70084C9A9 /* Project object */ = {
			isa = PBXProject;
			attributes = {
				LastUpgradeCheck = 0730;
				ORGANIZATIONNAME = gear.it;
				TargetAttributes = {
					A88EBD191D1824B70084C9A9 = {
						CreatedOnToolsVersion = 7.3.1;
						DevelopmentTeam = FEX998N55J;
					};
				};
			};
			buildConfigurationList = A88EBD151D1824B70084C9A9 /* Build configuration list for PBXProject "RadaeeViewerLib" */;
			compatibilityVersion = "Xcode 3.2";
			developmentRegion = English;
			hasScannedForEncodings = 0;
			knownRegions = (
				en,
				Base,
			);
			mainGroup = A88EBD111D1824B70084C9A9;
			productRefGroup = A88EBD1B1D1824B70084C9A9 /* Products */;
			projectDirPath = "";
			projectRoot = "";
			targets = (
				A88EBD191D1824B70084C9A9 /* RadaeeViewerLib */,
			);
		};
/* End PBXProject section */

/* Begin PBXResourcesBuildPhase section */
		A88EBD181D1824B70084C9A9 /* Resources */ = {
			isa = PBXResourcesBuildPhase;
			buildActionMask = 2147483647;
			files = (
				A84A2D621D2285B800B2A4F2 /* btn_annot_ink.png in Resources */,
				A8159DB01D256F130007079E /* 04 in Resources */,
				A8159DC61D256F130007079E /* tinosb.ttf in Resources */,
				A84A2D6C1D2285B800B2A4F2 /* btn_view_dual.png in Resources */,
				A8159DC71D256F130007079E /* tinosbi.ttf in Resources */,
				A8159DBD1D256F130007079E /* arimobi.ttf in Resources */,
				A84A2D651D2285B800B2A4F2 /* btn_left.png in Resources */,
				A8159DBA1D256F130007079E /* argbsn00lp.ttf in Resources */,
				A8159DBE1D256F130007079E /* arimoi.ttf in Resources */,
				A8159DB71D256F130007079E /* 11 in Resources */,
				A8159DC21D256F130007079E /* cousinei.ttf in Resources */,
				A8159DB61D256F130007079E /* 10 in Resources */,
				A84A2D641D2285B800B2A4F2 /* btn_done.png in Resources */,
				A88EBD2D1D1824B70084C9A9 /* LaunchScreen.storyboard in Resources */,
				A84A2D691D2285B800B2A4F2 /* btn_remove.png in Resources */,
				A84A2D661D2285B800B2A4F2 /* btn_outline.png in Resources */,
				A84A2D681D2285B800B2A4F2 /* btn_print.png in Resources */,
				A8159DB21D256F130007079E /* 06 in Resources */,
				A84A2D671D2285B800B2A4F2 /* btn_perform.png in Resources */,
				A8159DC31D256F130007079E /* rdf008.ttf in Resources */,
				A8159DAE1D256F130007079E /* 02 in Resources */,
				A8159DBC1D256F130007079E /* arimob.ttf in Resources */,
				A8159DAC1D256F130007079E /* 00 in Resources */,
				A8159DC41D256F130007079E /* rdf013.ttf in Resources */,
				A84A2D6B1D2285B800B2A4F2 /* btn_search.png in Resources */,
				A8159DAF1D256F130007079E /* 03 in Resources */,
				A8159DC11D256F130007079E /* cousinebi.ttf in Resources */,
				A84A2D6A1D2285B800B2A4F2 /* btn_right.png in Resources */,
				A8159DB11D256F130007079E /* 05 in Resources */,
				A8159DB41D256F130007079E /* 08 in Resources */,
				A8159DB51D256F130007079E /* 09 in Resources */,
				A8159DC51D256F130007079E /* tinos.ttf in Resources */,
				A84A2D6F1D2285B800B2A4F2 /* btn_view.png in Resources */,
				A88EBD2A1D1824B70084C9A9 /* Assets.xcassets in Resources */,
				A8159DC01D256F130007079E /* cousineb.ttf in Resources */,
				A8159DAD1D256F130007079E /* 01 in Resources */,
				A8159DB31D256F130007079E /* 07 in Resources */,
				A84A2D611D2285B800B2A4F2 /* btn_annot_ellipse.png in Resources */,
				A8159DB91D256F130007079E /* 13 in Resources */,
				A8159DA91D256F130007079E /* cmaps.dat in Resources */,
				A84A2D6D1D2285B800B2A4F2 /* btn_view_single.png in Resources */,
				A88EBD281D1824B70084C9A9 /* Main.storyboard in Resources */,
				A84A2D631D2285B800B2A4F2 /* btn_annot_rect.png in Resources */,
				A8159DAB1D256F130007079E /* umaps.dat in Resources */,
				A84A2D6E1D2285B800B2A4F2 /* btn_view_vert.png in Resources */,
				A8159DB81D256F130007079E /* 12 in Resources */,
				A84A2D731D22B6F900B2A4F2 /* test.pdf in Resources */,
				A8159DC81D256F130007079E /* tinosi.ttf in Resources */,
				A8159DBB1D256F130007079E /* arimo.ttf in Resources */,
				A8159DAA1D256F130007079E /* cmyk_rgb.dat in Resources */,
				A8159DBF1D256F130007079E /* cousine.ttf in Resources */,
			);
			runOnlyForDeploymentPostprocessing = 0;
		};
/* End PBXResourcesBuildPhase section */

/* Begin PBXSourcesBuildPhase section */
		A88EBD161D1824B70084C9A9 /* Sources */ = {
			isa = PBXSourcesBuildPhase;
			buildActionMask = 2147483647;
			files = (
				A88EBD251D1824B70084C9A9 /* ViewController.m in Sources */,
				A88EBD221D1824B70084C9A9 /* AppDelegate.m in Sources */,
				A88EBD1F1D1824B70084C9A9 /* main.m in Sources */,
			);
			runOnlyForDeploymentPostprocessing = 0;
		};
/* End PBXSourcesBuildPhase section */

/* Begin PBXVariantGroup section */
		A88EBD261D1824B70084C9A9 /* Main.storyboard */ = {
			isa = PBXVariantGroup;
			children = (
				A88EBD271D1824B70084C9A9 /* Base */,
			);
			name = Main.storyboard;
			sourceTree = "<group>";
		};
		A88EBD2B1D1824B70084C9A9 /* LaunchScreen.storyboard */ = {
			isa = PBXVariantGroup;
			children = (
				A88EBD2C1D1824B70084C9A9 /* Base */,
			);
			name = LaunchScreen.storyboard;
			sourceTree = "<group>";
		};
/* End PBXVariantGroup section */

/* Begin XCBuildConfiguration section */
		A88EBD2F1D1824B70084C9A9 /* Debug */ = {
			isa = XCBuildConfiguration;
			buildSettings = {
				ALWAYS_SEARCH_USER_PATHS = NO;
				CLANG_ANALYZER_NONNULL = YES;
				CLANG_CXX_LANGUAGE_STANDARD = "gnu++0x";
				CLANG_CXX_LIBRARY = "libc++";
				CLANG_ENABLE_MODULES = YES;
				CLANG_ENABLE_OBJC_ARC = YES;
				CLANG_WARN_BOOL_CONVERSION = YES;
				CLANG_WARN_CONSTANT_CONVERSION = YES;
				CLANG_WARN_DIRECT_OBJC_ISA_USAGE = YES_ERROR;
				CLANG_WARN_EMPTY_BODY = YES;
				CLANG_WARN_ENUM_CONVERSION = YES;
				CLANG_WARN_INT_CONVERSION = YES;
				CLANG_WARN_OBJC_ROOT_CLASS = YES_ERROR;
				CLANG_WARN_UNREACHABLE_CODE = YES;
				CLANG_WARN__DUPLICATE_METHOD_MATCH = YES;
				"CODE_SIGN_IDENTITY[sdk=iphoneos*]" = "iPhone Developer";
				COPY_PHASE_STRIP = NO;
				DEBUG_INFORMATION_FORMAT = dwarf;
				ENABLE_STRICT_OBJC_MSGSEND = YES;
				ENABLE_TESTABILITY = YES;
				GCC_C_LANGUAGE_STANDARD = gnu99;
				GCC_DYNAMIC_NO_PIC = NO;
				GCC_NO_COMMON_BLOCKS = YES;
				GCC_OPTIMIZATION_LEVEL = 0;
				GCC_PREPROCESSOR_DEFINITIONS = (
					"DEBUG=1",
					"$(inherited)",
				);
				GCC_WARN_64_TO_32_BIT_CONVERSION = YES;
				GCC_WARN_ABOUT_RETURN_TYPE = YES_ERROR;
				GCC_WARN_UNDECLARED_SELECTOR = YES;
				GCC_WARN_UNINITIALIZED_AUTOS = YES_AGGRESSIVE;
				GCC_WARN_UNUSED_FUNCTION = YES;
				GCC_WARN_UNUSED_VARIABLE = YES;
				IPHONEOS_DEPLOYMENT_TARGET = 9.3;
				MTL_ENABLE_DEBUG_INFO = YES;
				ONLY_ACTIVE_ARCH = YES;
				SDKROOT = iphoneos;
				TARGETED_DEVICE_FAMILY = "1,2";
			};
			name = Debug;
		};
		A88EBD301D1824B70084C9A9 /* Release */ = {
			isa = XCBuildConfiguration;
			buildSettings = {
				ALWAYS_SEARCH_USER_PATHS = NO;
				CLANG_ANALYZER_NONNULL = YES;
				CLANG_CXX_LANGUAGE_STANDARD = "gnu++0x";
				CLANG_CXX_LIBRARY = "libc++";
				CLANG_ENABLE_MODULES = YES;
				CLANG_ENABLE_OBJC_ARC = YES;
				CLANG_WARN_BOOL_CONVERSION = YES;
				CLANG_WARN_CONSTANT_CONVERSION = YES;
				CLANG_WARN_DIRECT_OBJC_ISA_USAGE = YES_ERROR;
				CLANG_WARN_EMPTY_BODY = YES;
				CLANG_WARN_ENUM_CONVERSION = YES;
				CLANG_WARN_INT_CONVERSION = YES;
				CLANG_WARN_OBJC_ROOT_CLASS = YES_ERROR;
				CLANG_WARN_UNREACHABLE_CODE = YES;
				CLANG_WARN__DUPLICATE_METHOD_MATCH = YES;
				"CODE_SIGN_IDENTITY[sdk=iphoneos*]" = "iPhone Developer";
				COPY_PHASE_STRIP = NO;
				DEBUG_INFORMATION_FORMAT = "dwarf-with-dsym";
				ENABLE_NS_ASSERTIONS = NO;
				ENABLE_STRICT_OBJC_MSGSEND = YES;
				GCC_C_LANGUAGE_STANDARD = gnu99;
				GCC_NO_COMMON_BLOCKS = YES;
				GCC_WARN_64_TO_32_BIT_CONVERSION = YES;
				GCC_WARN_ABOUT_RETURN_TYPE = YES_ERROR;
				GCC_WARN_UNDECLARED_SELECTOR = YES;
				GCC_WARN_UNINITIALIZED_AUTOS = YES_AGGRESSIVE;
				GCC_WARN_UNUSED_FUNCTION = YES;
				GCC_WARN_UNUSED_VARIABLE = YES;
				IPHONEOS_DEPLOYMENT_TARGET = 9.3;
				MTL_ENABLE_DEBUG_INFO = NO;
				SDKROOT = iphoneos;
				TARGETED_DEVICE_FAMILY = "1,2";
				VALIDATE_PRODUCT = YES;
			};
			name = Release;
		};
		A88EBD321D1824B70084C9A9 /* Debug */ = {
			isa = XCBuildConfiguration;
			buildSettings = {
				ASSETCATALOG_COMPILER_APPICON_NAME = AppIcon;
				DEVELOPMENT_TEAM = FEX998N55J;
				ENABLE_BITCODE = NO;
				INFOPLIST_FILE = RadaeeViewerLib/Info.plist;
				LD_RUNPATH_SEARCH_PATHS = "$(inherited) @executable_path/Frameworks";
				LIBRARY_SEARCH_PATHS = (
					"$(inherited)",
					"$(PROJECT_DIR)/RadaeeViewerLib",
				);
				OTHER_LDFLAGS = (
					"-ObjC",
					"-lstdc++",
				);
				PRODUCT_BUNDLE_IDENTIFIER = com.radaee.pdf.PDFViewer;
				PRODUCT_NAME = "$(TARGET_NAME)";
			};
			name = Debug;
		};
		A88EBD331D1824B70084C9A9 /* Release */ = {
			isa = XCBuildConfiguration;
			buildSettings = {
				ASSETCATALOG_COMPILER_APPICON_NAME = AppIcon;
				DEVELOPMENT_TEAM = FEX998N55J;
				ENABLE_BITCODE = NO;
				INFOPLIST_FILE = RadaeeViewerLib/Info.plist;
				LD_RUNPATH_SEARCH_PATHS = "$(inherited) @executable_path/Frameworks";
				LIBRARY_SEARCH_PATHS = (
					"$(inherited)",
					"$(PROJECT_DIR)/RadaeeViewerLib",
				);
				OTHER_LDFLAGS = (
					"-ObjC",
					"-lstdc++",
				);
				PRODUCT_BUNDLE_IDENTIFIER = com.radaee.pdf.PDFViewer;
				PRODUCT_NAME = "$(TARGET_NAME)";
			};
			name = Release;
		};
/* End XCBuildConfiguration section */

/* Begin XCConfigurationList section */
		A88EBD151D1824B70084C9A9 /* Build configuration list for PBXProject "RadaeeViewerLib" */ = {
			isa = XCConfigurationList;
			buildConfigurations = (
				A88EBD2F1D1824B70084C9A9 /* Debug */,
				A88EBD301D1824B70084C9A9 /* Release */,
			);
			defaultConfigurationIsVisible = 0;
			defaultConfigurationName = Release;
		};
		A88EBD311D1824B70084C9A9 /* Build configuration list for PBXNativeTarget "RadaeeViewerLib" */ = {
			isa = XCConfigurationList;
			buildConfigurations = (
				A88EBD321D1824B70084C9A9 /* Debug */,
				A88EBD331D1824B70084C9A9 /* Release */,
			);
			defaultConfigurationIsVisible = 0;
			defaultConfigurationName = Release;
		};
/* End XCConfigurationList section */
	};
	rootObject = A88EBD121D1824B70084C9A9 /* Project object */;
}
