// !$*UTF8*$!
{
	archiveVersion = 1;
	classes = {
	};
	objectVersion = 46;
	objects = {

/* Begin PBXBuildFile section */
		7AE13B842097482200864EC7 /* pdf_custom_stamp.png in Resources */ = {isa = PBXBuildFile; fileRef = 7AE13B4D2097482000864EC7 /* pdf_custom_stamp.png */; };
		7AE13BA52097482200864EC7 /* btn_add.png in Resources */ = {isa = PBXBuildFile; fileRef = 7AE13B702097482100864EC7 /* btn_add.png */; };
		7AE13BA62097482200864EC7 /* btn_save.png in Resources */ = {isa = PBXBuildFile; fileRef = 7AE13B712097482100864EC7 /* btn_save.png */; };
		7AE13BA72097482200864EC7 /* annot_line.png in Resources */ = {isa = PBXBuildFile; fileRef = 7AE13B722097482100864EC7 /* annot_line.png */; };
		7AE13BA82097482200864EC7 /* btn_view_horz.png in Resources */ = {isa = PBXBuildFile; fileRef = 7AE13B732097482100864EC7 /* btn_view_horz.png */; };
		7AE13BA92097482200864EC7 /* export_annot.png in Resources */ = {isa = PBXBuildFile; fileRef = 7AE13B742097482100864EC7 /* export_annot.png */; };
		7AE13BAA2097482200864EC7 /* btn_redo.png in Resources */ = {isa = PBXBuildFile; fileRef = 7AE13B752097482100864EC7 /* btn_redo.png */; };
		7AE13BAB2097482200864EC7 /* annot_rect.png in Resources */ = {isa = PBXBuildFile; fileRef = 7AE13B762097482100864EC7 /* annot_rect.png */; };
		7AE13BAC2097482200864EC7 /* btn_ink.png in Resources */ = {isa = PBXBuildFile; fileRef = 7AE13B772097482100864EC7 /* btn_ink.png */; };
		7AE13BAD2097482200864EC7 /* annot_ellipse.png in Resources */ = {isa = PBXBuildFile; fileRef = 7AE13B782097482100864EC7 /* annot_ellipse.png */; };
		7AE13BAE2097482200864EC7 /* btn_select.png in Resources */ = {isa = PBXBuildFile; fileRef = 7AE13B792097482100864EC7 /* btn_select.png */; };
		7AE13BAF2097482200864EC7 /* right_arrow.png in Resources */ = {isa = PBXBuildFile; fileRef = 7AE13B7A2097482100864EC7 /* right_arrow.png */; };
		7AE13BB02097482200864EC7 /* annot_done.png in Resources */ = {isa = PBXBuildFile; fileRef = 7AE13B7B2097482100864EC7 /* annot_done.png */; };
		7AE13BB12097482200864EC7 /* backImage.png in Resources */ = {isa = PBXBuildFile; fileRef = 7AE13B7C2097482100864EC7 /* backImage.png */; };
		7AE13BB22097482200864EC7 /* btn_annot_line.png in Resources */ = {isa = PBXBuildFile; fileRef = 7AE13B7D2097482200864EC7 /* btn_annot_line.png */; };
		7AE13BB32097482200864EC7 /* btn_undo.png in Resources */ = {isa = PBXBuildFile; fileRef = 7AE13B7E2097482200864EC7 /* btn_undo.png */; };
		7AE13BB42097482200864EC7 /* left_arrow.png in Resources */ = {isa = PBXBuildFile; fileRef = 7AE13B7F2097482200864EC7 /* left_arrow.png */; };
		7AE13BB52097482200864EC7 /* annot_delete.png in Resources */ = {isa = PBXBuildFile; fileRef = 7AE13B802097482200864EC7 /* annot_delete.png */; };
		7AE13BB62097482200864EC7 /* btn_annot_note.png in Resources */ = {isa = PBXBuildFile; fileRef = 7AE13B812097482200864EC7 /* btn_annot_note.png */; };
		7AE13BB72097482200864EC7 /* btn_more.png in Resources */ = {isa = PBXBuildFile; fileRef = 7AE13B822097482200864EC7 /* btn_more.png */; };
		7AE13BB82097482200864EC7 /* btn_show.png in Resources */ = {isa = PBXBuildFile; fileRef = 7AE13B832097482200864EC7 /* btn_show.png */; };
		A84A2D611D2285B800B2A4F2 /* btn_annot_ellipse.png in Resources */ = {isa = PBXBuildFile; fileRef = A84A2D521D2285B800B2A4F2 /* btn_annot_ellipse.png */; };
		A84A2D621D2285B800B2A4F2 /* btn_annot_ink.png in Resources */ = {isa = PBXBuildFile; fileRef = A84A2D531D2285B800B2A4F2 /* btn_annot_ink.png */; };
		A84A2D631D2285B800B2A4F2 /* btn_annot_rect.png in Resources */ = {isa = PBXBuildFile; fileRef = A84A2D541D2285B800B2A4F2 /* btn_annot_rect.png */; };
		A84A2D641D2285B800B2A4F2 /* btn_done.png in Resources */ = {isa = PBXBuildFile; fileRef = A84A2D551D2285B800B2A4F2 /* btn_done.png */; };
		A84A2D651D2285B800B2A4F2 /* btn_left.png in Resources */ = {isa = PBXBuildFile; fileRef = A84A2D561D2285B800B2A4F2 /* btn_left.png */; };
		A84A2D661D2285B800B2A4F2 /* btn_outline.png in Resources */ = {isa = PBXBuildFile; fileRef = A84A2D571D2285B800B2A4F2 /* btn_outline.png */; };
		A84A2D671D2285B800B2A4F2 /* btn_perform.png in Resources */ = {isa = PBXBuildFile; fileRef = A84A2D581D2285B800B2A4F2 /* btn_perform.png */; };
		A84A2D681D2285B800B2A4F2 /* btn_print.png in Resources */ = {isa = PBXBuildFile; fileRef = A84A2D591D2285B800B2A4F2 /* btn_print.png */; };
		A84A2D691D2285B800B2A4F2 /* btn_remove.png in Resources */ = {isa = PBXBuildFile; fileRef = A84A2D5A1D2285B800B2A4F2 /* btn_remove.png */; };
		A84A2D6A1D2285B800B2A4F2 /* btn_right.png in Resources */ = {isa = PBXBuildFile; fileRef = A84A2D5B1D2285B800B2A4F2 /* btn_right.png */; };
		A84A2D6B1D2285B800B2A4F2 /* btn_search.png in Resources */ = {isa = PBXBuildFile; fileRef = A84A2D5C1D2285B800B2A4F2 /* btn_search.png */; };
		A84A2D6C1D2285B800B2A4F2 /* btn_view_dual.png in Resources */ = {isa = PBXBuildFile; fileRef = A84A2D5D1D2285B800B2A4F2 /* btn_view_dual.png */; };
		A84A2D6D1D2285B800B2A4F2 /* btn_view_single.png in Resources */ = {isa = PBXBuildFile; fileRef = A84A2D5E1D2285B800B2A4F2 /* btn_view_single.png */; };
		A84A2D6E1D2285B800B2A4F2 /* btn_view_vert.png in Resources */ = {isa = PBXBuildFile; fileRef = A84A2D5F1D2285B800B2A4F2 /* btn_view_vert.png */; };
		A84A2D6F1D2285B800B2A4F2 /* btn_view.png in Resources */ = {isa = PBXBuildFile; fileRef = A84A2D601D2285B800B2A4F2 /* btn_view.png */; };
		A84A2D731D22B6F900B2A4F2 /* test.pdf in Resources */ = {isa = PBXBuildFile; fileRef = A84A2D721D22B6F800B2A4F2 /* test.pdf */; };
		A856DC301ECF2754006FA63A /* fdat in Resources */ = {isa = PBXBuildFile; fileRef = A856DC2E1ECF2754006FA63A /* fdat */; };
		A856DC311ECF2754006FA63A /* cmaps in Resources */ = {isa = PBXBuildFile; fileRef = A856DC2F1ECF2754006FA63A /* cmaps */; };
		A86E071C1E3748D000F0A018 /* btn_grid.png in Resources */ = {isa = PBXBuildFile; fileRef = A86E071B1E3748D000F0A018 /* btn_grid.png */; };
		A88EBD1F1D1824B70084C9A9 /* main.m in Sources */ = {isa = PBXBuildFile; fileRef = A88EBD1E1D1824B70084C9A9 /* main.m */; };
		A88EBD221D1824B70084C9A9 /* AppDelegate.m in Sources */ = {isa = PBXBuildFile; fileRef = A88EBD211D1824B70084C9A9 /* AppDelegate.m */; };
		A88EBD251D1824B70084C9A9 /* ViewController.m in Sources */ = {isa = PBXBuildFile; fileRef = A88EBD241D1824B70084C9A9 /* ViewController.m */; };
		A88EBD281D1824B70084C9A9 /* Main.storyboard in Resources */ = {isa = PBXBuildFile; fileRef = A88EBD261D1824B70084C9A9 /* Main.storyboard */; };
		A88EBD2A1D1824B70084C9A9 /* Assets.xcassets in Resources */ = {isa = PBXBuildFile; fileRef = A88EBD291D1824B70084C9A9 /* Assets.xcassets */; };
		A88EBD2D1D1824B70084C9A9 /* LaunchScreen.storyboard in Resources */ = {isa = PBXBuildFile; fileRef = A88EBD2B1D1824B70084C9A9 /* LaunchScreen.storyboard */; };
		A88EBD401D1829F60084C9A9 /* libRDPDFLibSDK.a in Frameworks */ = {isa = PBXBuildFile; fileRef = A88EBD3F1D1829F60084C9A9 /* libRDPDFLibSDK.a */; };
		A89B016E1E4CBC17005CFB7C /* btn_back.png in Resources */ = {isa = PBXBuildFile; fileRef = A89B016D1E4CBC17005CFB7C /* btn_back.png */; };
		A8C1A4351DF1BF4C00453AA1 /* annot_remove.png in Resources */ = {isa = PBXBuildFile; fileRef = A8C1A4341DF1BF4C00453AA1 /* annot_remove.png */; };
/* End PBXBuildFile section */

/* Begin PBXFileReference section */
		7AE13B4D2097482000864EC7 /* pdf_custom_stamp.png */ = {isa = PBXFileReference; lastKnownFileType = image.png; path = pdf_custom_stamp.png; sourceTree = "<group>"; };
		7AE13B702097482100864EC7 /* btn_add.png */ = {isa = PBXFileReference; lastKnownFileType = image.png; path = btn_add.png; sourceTree = "<group>"; };
		7AE13B712097482100864EC7 /* btn_save.png */ = {isa = PBXFileReference; lastKnownFileType = image.png; path = btn_save.png; sourceTree = "<group>"; };
		7AE13B722097482100864EC7 /* annot_line.png */ = {isa = PBXFileReference; lastKnownFileType = image.png; path = annot_line.png; sourceTree = "<group>"; };
		7AE13B732097482100864EC7 /* btn_view_horz.png */ = {isa = PBXFileReference; lastKnownFileType = image.png; path = btn_view_horz.png; sourceTree = "<group>"; };
		7AE13B742097482100864EC7 /* export_annot.png */ = {isa = PBXFileReference; lastKnownFileType = image.png; path = export_annot.png; sourceTree = "<group>"; };
		7AE13B752097482100864EC7 /* btn_redo.png */ = {isa = PBXFileReference; lastKnownFileType = image.png; path = btn_redo.png; sourceTree = "<group>"; };
		7AE13B762097482100864EC7 /* annot_rect.png */ = {isa = PBXFileReference; lastKnownFileType = image.png; path = annot_rect.png; sourceTree = "<group>"; };
		7AE13B772097482100864EC7 /* btn_ink.png */ = {isa = PBXFileReference; lastKnownFileType = image.png; path = btn_ink.png; sourceTree = "<group>"; };
		7AE13B782097482100864EC7 /* annot_ellipse.png */ = {isa = PBXFileReference; lastKnownFileType = image.png; path = annot_ellipse.png; sourceTree = "<group>"; };
		7AE13B792097482100864EC7 /* btn_select.png */ = {isa = PBXFileReference; lastKnownFileType = image.png; path = btn_select.png; sourceTree = "<group>"; };
		7AE13B7A2097482100864EC7 /* right_arrow.png */ = {isa = PBXFileReference; lastKnownFileType = image.png; path = right_arrow.png; sourceTree = "<group>"; };
		7AE13B7B2097482100864EC7 /* annot_done.png */ = {isa = PBXFileReference; lastKnownFileType = image.png; path = annot_done.png; sourceTree = "<group>"; };
		7AE13B7C2097482100864EC7 /* backImage.png */ = {isa = PBXFileReference; lastKnownFileType = image.png; path = backImage.png; sourceTree = "<group>"; };
		7AE13B7D2097482200864EC7 /* btn_annot_line.png */ = {isa = PBXFileReference; lastKnownFileType = image.png; path = btn_annot_line.png; sourceTree = "<group>"; };
		7AE13B7E2097482200864EC7 /* btn_undo.png */ = {isa = PBXFileReference; lastKnownFileType = image.png; path = btn_undo.png; sourceTree = "<group>"; };
		7AE13B7F2097482200864EC7 /* left_arrow.png */ = {isa = PBXFileReference; lastKnownFileType = image.png; path = left_arrow.png; sourceTree = "<group>"; };
		7AE13B802097482200864EC7 /* annot_delete.png */ = {isa = PBXFileReference; lastKnownFileType = image.png; path = annot_delete.png; sourceTree = "<group>"; };
		7AE13B812097482200864EC7 /* btn_annot_note.png */ = {isa = PBXFileReference; lastKnownFileType = image.png; path = btn_annot_note.png; sourceTree = "<group>"; };
		7AE13B822097482200864EC7 /* btn_more.png */ = {isa = PBXFileReference; lastKnownFileType = image.png; path = btn_more.png; sourceTree = "<group>"; };
		7AE13B832097482200864EC7 /* btn_show.png */ = {isa = PBXFileReference; lastKnownFileType = image.png; path = btn_show.png; sourceTree = "<group>"; };
		A84A2D521D2285B800B2A4F2 /* btn_annot_ellipse.png */ = {isa = PBXFileReference; lastKnownFileType = image.png; path = btn_annot_ellipse.png; sourceTree = "<group>"; };
		A84A2D531D2285B800B2A4F2 /* btn_annot_ink.png */ = {isa = PBXFileReference; lastKnownFileType = image.png; path = btn_annot_ink.png; sourceTree = "<group>"; };
		A84A2D541D2285B800B2A4F2 /* btn_annot_rect.png */ = {isa = PBXFileReference; lastKnownFileType = image.png; path = btn_annot_rect.png; sourceTree = "<group>"; };
		A84A2D551D2285B800B2A4F2 /* btn_done.png */ = {isa = PBXFileReference; lastKnownFileType = image.png; path = btn_done.png; sourceTree = "<group>"; };
		A84A2D561D2285B800B2A4F2 /* btn_left.png */ = {isa = PBXFileReference; lastKnownFileType = image.png; path = btn_left.png; sourceTree = "<group>"; };
		A84A2D571D2285B800B2A4F2 /* btn_outline.png */ = {isa = PBXFileReference; lastKnownFileType = image.png; path = btn_outline.png; sourceTree = "<group>"; };
		A84A2D581D2285B800B2A4F2 /* btn_perform.png */ = {isa = PBXFileReference; lastKnownFileType = image.png; path = btn_perform.png; sourceTree = "<group>"; };
		A84A2D591D2285B800B2A4F2 /* btn_print.png */ = {isa = PBXFileReference; lastKnownFileType = image.png; path = btn_print.png; sourceTree = "<group>"; };
		A84A2D5A1D2285B800B2A4F2 /* btn_remove.png */ = {isa = PBXFileReference; lastKnownFileType = image.png; path = btn_remove.png; sourceTree = "<group>"; };
		A84A2D5B1D2285B800B2A4F2 /* btn_right.png */ = {isa = PBXFileReference; lastKnownFileType = image.png; path = btn_right.png; sourceTree = "<group>"; };
		A84A2D5C1D2285B800B2A4F2 /* btn_search.png */ = {isa = PBXFileReference; lastKnownFileType = image.png; path = btn_search.png; sourceTree = "<group>"; };
		A84A2D5D1D2285B800B2A4F2 /* btn_view_dual.png */ = {isa = PBXFileReference; lastKnownFileType = image.png; path = btn_view_dual.png; sourceTree = "<group>"; };
		A84A2D5E1D2285B800B2A4F2 /* btn_view_single.png */ = {isa = PBXFileReference; lastKnownFileType = image.png; path = btn_view_single.png; sourceTree = "<group>"; };
		A84A2D5F1D2285B800B2A4F2 /* btn_view_vert.png */ = {isa = PBXFileReference; lastKnownFileType = image.png; path = btn_view_vert.png; sourceTree = "<group>"; };
		A84A2D601D2285B800B2A4F2 /* btn_view.png */ = {isa = PBXFileReference; lastKnownFileType = image.png; path = btn_view.png; sourceTree = "<group>"; };
		A84A2D721D22B6F800B2A4F2 /* test.pdf */ = {isa = PBXFileReference; lastKnownFileType = image.pdf; path = test.pdf; sourceTree = "<group>"; };
		A856DC2E1ECF2754006FA63A /* fdat */ = {isa = PBXFileReference; lastKnownFileType = folder; path = fdat; sourceTree = "<group>"; };
		A856DC2F1ECF2754006FA63A /* cmaps */ = {isa = PBXFileReference; lastKnownFileType = folder; path = cmaps; sourceTree = "<group>"; };
		A86E071B1E3748D000F0A018 /* btn_grid.png */ = {isa = PBXFileReference; lastKnownFileType = image.png; path = btn_grid.png; sourceTree = "<group>"; };
		A88EBD1A1D1824B70084C9A9 /* RadaeeViewerLib.app */ = {isa = PBXFileReference; explicitFileType = wrapper.application; includeInIndex = 0; path = RadaeeViewerLib.app; sourceTree = BUILT_PRODUCTS_DIR; };
		A88EBD1E1D1824B70084C9A9 /* main.m */ = {isa = PBXFileReference; lastKnownFileType = sourcecode.c.objc; path = main.m; sourceTree = "<group>"; };
		A88EBD201D1824B70084C9A9 /* AppDelegate.h */ = {isa = PBXFileReference; lastKnownFileType = sourcecode.c.h; path = AppDelegate.h; sourceTree = "<group>"; };
		A88EBD211D1824B70084C9A9 /* AppDelegate.m */ = {isa = PBXFileReference; lastKnownFileType = sourcecode.c.objc; path = AppDelegate.m; sourceTree = "<group>"; };
		A88EBD231D1824B70084C9A9 /* ViewController.h */ = {isa = PBXFileReference; lastKnownFileType = sourcecode.c.h; path = ViewController.h; sourceTree = "<group>"; };
		A88EBD241D1824B70084C9A9 /* ViewController.m */ = {isa = PBXFileReference; lastKnownFileType = sourcecode.c.objc; path = ViewController.m; sourceTree = "<group>"; };
		A88EBD271D1824B70084C9A9 /* Base */ = {isa = PBXFileReference; lastKnownFileType = file.storyboard; name = Base; path = Base.lproj/Main.storyboard; sourceTree = "<group>"; };
		A88EBD291D1824B70084C9A9 /* Assets.xcassets */ = {isa = PBXFileReference; lastKnownFileType = folder.assetcatalog; path = Assets.xcassets; sourceTree = "<group>"; };
		A88EBD2C1D1824B70084C9A9 /* Base */ = {isa = PBXFileReference; lastKnownFileType = file.storyboard; name = Base; path = Base.lproj/LaunchScreen.storyboard; sourceTree = "<group>"; };
		A88EBD2E1D1824B70084C9A9 /* Info.plist */ = {isa = PBXFileReference; lastKnownFileType = text.plist.xml; path = Info.plist; sourceTree = "<group>"; };
		A88EBD371D1824F10084C9A9 /* RadaeeLib.h */ = {isa = PBXFileReference; fileEncoding = 4; lastKnownFileType = sourcecode.c.h; path = RadaeeLib.h; sourceTree = "<group>"; };
		A88EBD381D1824F10084C9A9 /* RadaeePDFPlugin.h */ = {isa = PBXFileReference; fileEncoding = 4; lastKnownFileType = sourcecode.c.h; path = RadaeePDFPlugin.h; sourceTree = "<group>"; };
		A88EBD3F1D1829F60084C9A9 /* libRDPDFLibSDK.a */ = {isa = PBXFileReference; lastKnownFileType = archive.ar; path = libRDPDFLibSDK.a; sourceTree = "<group>"; };
		A89B016D1E4CBC17005CFB7C /* btn_back.png */ = {isa = PBXFileReference; lastKnownFileType = image.png; path = btn_back.png; sourceTree = "<group>"; };
		A8C1A4341DF1BF4C00453AA1 /* annot_remove.png */ = {isa = PBXFileReference; lastKnownFileType = image.png; path = annot_remove.png; sourceTree = "<group>"; };
/* End PBXFileReference section */

/* Begin PBXFrameworksBuildPhase section */
		A88EBD171D1824B70084C9A9 /* Frameworks */ = {
			isa = PBXFrameworksBuildPhase;
			buildActionMask = 2147483647;
			files = (
				A88EBD401D1829F60084C9A9 /* libRDPDFLibSDK.a in Frameworks */,
			);
			runOnlyForDeploymentPostprocessing = 0;
		};
/* End PBXFrameworksBuildPhase section */

/* Begin PBXGroup section */
		A88EBD111D1824B70084C9A9 = {
			isa = PBXGroup;
			children = (
				A88EBD1C1D1824B70084C9A9 /* RadaeeViewerLib */,
				A88EBD1B1D1824B70084C9A9 /* Products */,
			);
			sourceTree = "<group>";
		};
		A88EBD1B1D1824B70084C9A9 /* Products */ = {
			isa = PBXGroup;
			children = (
				A88EBD1A1D1824B70084C9A9 /* RadaeeViewerLib.app */,
			);
			name = Products;
			sourceTree = "<group>";
		};
		A88EBD1C1D1824B70084C9A9 /* RadaeeViewerLib */ = {
			isa = PBXGroup;
			children = (
				A84A2D721D22B6F800B2A4F2 /* test.pdf */,
				A88EBD341D1824E80084C9A9 /* Radaee */,
				A88EBD201D1824B70084C9A9 /* AppDelegate.h */,
				A88EBD211D1824B70084C9A9 /* AppDelegate.m */,
				A88EBD231D1824B70084C9A9 /* ViewController.h */,
				A88EBD241D1824B70084C9A9 /* ViewController.m */,
				A88EBD261D1824B70084C9A9 /* Main.storyboard */,
				A88EBD291D1824B70084C9A9 /* Assets.xcassets */,
				A88EBD2B1D1824B70084C9A9 /* LaunchScreen.storyboard */,
				A88EBD2E1D1824B70084C9A9 /* Info.plist */,
				A88EBD1D1D1824B70084C9A9 /* Supporting Files */,
			);
			path = RadaeeViewerLib;
			sourceTree = "<group>";
		};
		A88EBD1D1D1824B70084C9A9 /* Supporting Files */ = {
			isa = PBXGroup;
			children = (
				A88EBD1E1D1824B70084C9A9 /* main.m */,
			);
			name = "Supporting Files";
			sourceTree = "<group>";
		};
		A88EBD341D1824E80084C9A9 /* Radaee */ = {
			isa = PBXGroup;
			children = (
				A88EBD451D182B700084C9A9 /* Resources */,
				A88EBD351D1824F10084C9A9 /* include */,
				A88EBD3F1D1829F60084C9A9 /* libRDPDFLibSDK.a */,
			);
			name = Radaee;
			sourceTree = "<group>";
		};
		A88EBD351D1824F10084C9A9 /* include */ = {
			isa = PBXGroup;
			children = (
				A88EBD361D1824F10084C9A9 /* RadaeeLib */,
			);
			path = include;
			sourceTree = "<group>";
		};
		A88EBD361D1824F10084C9A9 /* RadaeeLib */ = {
			isa = PBXGroup;
			children = (
				A88EBD371D1824F10084C9A9 /* RadaeeLib.h */,
				A88EBD381D1824F10084C9A9 /* RadaeePDFPlugin.h */,
			);
			path = RadaeeLib;
			sourceTree = "<group>";
		};
		A88EBD451D182B700084C9A9 /* Resources */ = {
			isa = PBXGroup;
			children = (
				A856DC2F1ECF2754006FA63A /* cmaps */,
				A856DC2E1ECF2754006FA63A /* fdat */,
				7AE13B742097482100864EC7 /* export_annot.png */,
				7AE13B802097482200864EC7 /* annot_delete.png */,
				7AE13B7B2097482100864EC7 /* annot_done.png */,
				7AE13B782097482100864EC7 /* annot_ellipse.png */,
				7AE13B722097482100864EC7 /* annot_line.png */,
				7AE13B762097482100864EC7 /* annot_rect.png */,
				7AE13B7C2097482100864EC7 /* backImage.png */,
				7AE13B702097482100864EC7 /* btn_add.png */,
				7AE13B7D2097482200864EC7 /* btn_annot_line.png */,
				7AE13B812097482200864EC7 /* btn_annot_note.png */,
				7AE13B772097482100864EC7 /* btn_ink.png */,
				7AE13B822097482200864EC7 /* btn_more.png */,
				7AE13B752097482100864EC7 /* btn_redo.png */,
				7AE13B712097482100864EC7 /* btn_save.png */,
				7AE13B792097482100864EC7 /* btn_select.png */,
				7AE13B832097482200864EC7 /* btn_show.png */,
				7AE13B7E2097482200864EC7 /* btn_undo.png */,
				7AE13B732097482100864EC7 /* btn_view_horz.png */,
				7AE13B7F2097482200864EC7 /* left_arrow.png */,
				7AE13B4D2097482000864EC7 /* pdf_custom_stamp.png */,
				7AE13B7A2097482100864EC7 /* right_arrow.png */,
				A84A2D521D2285B800B2A4F2 /* btn_annot_ellipse.png */,
				A8C1A4341DF1BF4C00453AA1 /* annot_remove.png */,
				A84A2D531D2285B800B2A4F2 /* btn_annot_ink.png */,
				A84A2D541D2285B800B2A4F2 /* btn_annot_rect.png */,
				A84A2D551D2285B800B2A4F2 /* btn_done.png */,
				A84A2D561D2285B800B2A4F2 /* btn_left.png */,
				A84A2D571D2285B800B2A4F2 /* btn_outline.png */,
				A84A2D581D2285B800B2A4F2 /* btn_perform.png */,
				A84A2D591D2285B800B2A4F2 /* btn_print.png */,
				A86E071B1E3748D000F0A018 /* btn_grid.png */,
				A84A2D5A1D2285B800B2A4F2 /* btn_remove.png */,
				A84A2D5B1D2285B800B2A4F2 /* btn_right.png */,
				A84A2D5C1D2285B800B2A4F2 /* btn_search.png */,
				A89B016D1E4CBC17005CFB7C /* btn_back.png */,
				A84A2D5D1D2285B800B2A4F2 /* btn_view_dual.png */,
				A84A2D5F1D2285B800B2A4F2 /* btn_view_vert.png */,
				A84A2D5E1D2285B800B2A4F2 /* btn_view_single.png */,
				A84A2D601D2285B800B2A4F2 /* btn_view.png */,
			);
			path = Resources;
			sourceTree = "<group>";
		};
/* End PBXGroup section */

/* Begin PBXNativeTarget section */
		A88EBD191D1824B70084C9A9 /* RadaeeViewerLib */ = {
			isa = PBXNativeTarget;
			buildConfigurationList = A88EBD311D1824B70084C9A9 /* Build configuration list for PBXNativeTarget "RadaeeViewerLib" */;
			buildPhases = (
				A88EBD161D1824B70084C9A9 /* Sources */,
				A88EBD171D1824B70084C9A9 /* Frameworks */,
				A88EBD181D1824B70084C9A9 /* Resources */,
			);
			buildRules = (
			);
			dependencies = (
			);
			name = RadaeeViewerLib;
			productName = RadaeeViewerLib;
			productReference = A88EBD1A1D1824B70084C9A9 /* RadaeeViewerLib.app */;
			productType = "com.apple.product-type.application";
		};
/* End PBXNativeTarget section */

/* Begin PBXProject section */
		A88EBD121D1824B70084C9A9 /* Project object */ = {
			isa = PBXProject;
			attributes = {
				LastUpgradeCheck = 0730;
				ORGANIZATIONNAME = gear.it;
				TargetAttributes = {
					A88EBD191D1824B70084C9A9 = {
						CreatedOnToolsVersion = 7.3.1;
						DevelopmentTeam = FEX998N55J;
					};
				};
			};
			buildConfigurationList = A88EBD151D1824B70084C9A9 /* Build configuration list for PBXProject "RadaeeViewerLib" */;
			compatibilityVersion = "Xcode 3.2";
			developmentRegion = English;
			hasScannedForEncodings = 0;
			knownRegions = (
				en,
				Base,
			);
			mainGroup = A88EBD111D1824B70084C9A9;
			productRefGroup = A88EBD1B1D1824B70084C9A9 /* Products */;
			projectDirPath = "";
			projectRoot = "";
			targets = (
				A88EBD191D1824B70084C9A9 /* RadaeeViewerLib */,
			);
		};
/* End PBXProject section */

/* Begin PBXResourcesBuildPhase section */
		A88EBD181D1824B70084C9A9 /* Resources */ = {
			isa = PBXResourcesBuildPhase;
			buildActionMask = 2147483647;
			files = (
				7AE13BB32097482200864EC7 /* btn_undo.png in Resources */,
				A84A2D621D2285B800B2A4F2 /* btn_annot_ink.png in Resources */,
				A84A2D6C1D2285B800B2A4F2 /* btn_view_dual.png in Resources */,
				A86E071C1E3748D000F0A018 /* btn_grid.png in Resources */,
				A84A2D651D2285B800B2A4F2 /* btn_left.png in Resources */,
				A84A2D641D2285B800B2A4F2 /* btn_done.png in Resources */,
				A88EBD2D1D1824B70084C9A9 /* LaunchScreen.storyboard in Resources */,
				7AE13BA82097482200864EC7 /* btn_view_horz.png in Resources */,
				7AE13BAE2097482200864EC7 /* btn_select.png in Resources */,
				A84A2D691D2285B800B2A4F2 /* btn_remove.png in Resources */,
				A84A2D661D2285B800B2A4F2 /* btn_outline.png in Resources */,
				A84A2D681D2285B800B2A4F2 /* btn_print.png in Resources */,
				A856DC311ECF2754006FA63A /* cmaps in Resources */,
				7AE13BA92097482200864EC7 /* export_annot.png in Resources */,
				7AE13BB12097482200864EC7 /* backImage.png in Resources */,
				A84A2D671D2285B800B2A4F2 /* btn_perform.png in Resources */,
				7AE13BA72097482200864EC7 /* annot_line.png in Resources */,
				7AE13BB42097482200864EC7 /* left_arrow.png in Resources */,
				A89B016E1E4CBC17005CFB7C /* btn_back.png in Resources */,
				7AE13BA62097482200864EC7 /* btn_save.png in Resources */,
				A84A2D6B1D2285B800B2A4F2 /* btn_search.png in Resources */,
				7AE13BB52097482200864EC7 /* annot_delete.png in Resources */,
				7AE13B842097482200864EC7 /* pdf_custom_stamp.png in Resources */,
				A84A2D6A1D2285B800B2A4F2 /* btn_right.png in Resources */,
				A856DC301ECF2754006FA63A /* fdat in Resources */,
				A84A2D6F1D2285B800B2A4F2 /* btn_view.png in Resources */,
				A88EBD2A1D1824B70084C9A9 /* Assets.xcassets in Resources */,
				A84A2D611D2285B800B2A4F2 /* btn_annot_ellipse.png in Resources */,
				7AE13BB02097482200864EC7 /* annot_done.png in Resources */,
				7AE13BAF2097482200864EC7 /* right_arrow.png in Resources */,
				A84A2D6D1D2285B800B2A4F2 /* btn_view_single.png in Resources */,
				7AE13BB72097482200864EC7 /* btn_more.png in Resources */,
				7AE13BAA2097482200864EC7 /* btn_redo.png in Resources */,
				A88EBD281D1824B70084C9A9 /* Main.storyboard in Resources */,
				A84A2D631D2285B800B2A4F2 /* btn_annot_rect.png in Resources */,
				7AE13BAB2097482200864EC7 /* annot_rect.png in Resources */,
				7AE13BB22097482200864EC7 /* btn_annot_line.png in Resources */,
				7AE13BA52097482200864EC7 /* btn_add.png in Resources */,
				7AE13BAC2097482200864EC7 /* btn_ink.png in Resources */,
				A84A2D6E1D2285B800B2A4F2 /* btn_view_vert.png in Resources */,
				7AE13BB62097482200864EC7 /* btn_annot_note.png in Resources */,
				A8C1A4351DF1BF4C00453AA1 /* annot_remove.png in Resources */,
				7AE13BB82097482200864EC7 /* btn_show.png in Resources */,
				7AE13BAD2097482200864EC7 /* annot_ellipse.png in Resources */,
				A84A2D731D22B6F900B2A4F2 /* test.pdf in Resources */,
			);
			runOnlyForDeploymentPostprocessing = 0;
		};
/* End PBXResourcesBuildPhase section */

/* Begin PBXSourcesBuildPhase section */
		A88EBD161D1824B70084C9A9 /* Sources */ = {
			isa = PBXSourcesBuildPhase;
			buildActionMask = 2147483647;
			files = (
				A88EBD251D1824B70084C9A9 /* ViewController.m in Sources */,
				A88EBD221D1824B70084C9A9 /* AppDelegate.m in Sources */,
				A88EBD1F1D1824B70084C9A9 /* main.m in Sources */,
			);
			runOnlyForDeploymentPostprocessing = 0;
		};
/* End PBXSourcesBuildPhase section */

/* Begin PBXVariantGroup section */
		A88EBD261D1824B70084C9A9 /* Main.storyboard */ = {
			isa = PBXVariantGroup;
			children = (
				A88EBD271D1824B70084C9A9 /* Base */,
			);
			name = Main.storyboard;
			sourceTree = "<group>";
		};
		A88EBD2B1D1824B70084C9A9 /* LaunchScreen.storyboard */ = {
			isa = PBXVariantGroup;
			children = (
				A88EBD2C1D1824B70084C9A9 /* Base */,
			);
			name = LaunchScreen.storyboard;
			sourceTree = "<group>";
		};
/* End PBXVariantGroup section */

/* Begin XCBuildConfiguration section */
		A88EBD2F1D1824B70084C9A9 /* Debug */ = {
			isa = XCBuildConfiguration;
			buildSettings = {
				ALWAYS_SEARCH_USER_PATHS = NO;
				CLANG_ANALYZER_NONNULL = YES;
				CLANG_CXX_LANGUAGE_STANDARD = "gnu++0x";
				CLANG_CXX_LIBRARY = "libc++";
				CLANG_ENABLE_MODULES = YES;
				CLANG_ENABLE_OBJC_ARC = YES;
				CLANG_WARN_BOOL_CONVERSION = YES;
				CLANG_WARN_CONSTANT_CONVERSION = YES;
				CLANG_WARN_DIRECT_OBJC_ISA_USAGE = YES_ERROR;
				CLANG_WARN_EMPTY_BODY = YES;
				CLANG_WARN_ENUM_CONVERSION = YES;
				CLANG_WARN_INT_CONVERSION = YES;
				CLANG_WARN_OBJC_ROOT_CLASS = YES_ERROR;
				CLANG_WARN_UNREACHABLE_CODE = YES;
				CLANG_WARN__DUPLICATE_METHOD_MATCH = YES;
				"CODE_SIGN_IDENTITY[sdk=iphoneos*]" = "iPhone Developer";
				COPY_PHASE_STRIP = NO;
				DEBUG_INFORMATION_FORMAT = dwarf;
				ENABLE_STRICT_OBJC_MSGSEND = YES;
				ENABLE_TESTABILITY = YES;
				GCC_C_LANGUAGE_STANDARD = gnu99;
				GCC_DYNAMIC_NO_PIC = NO;
				GCC_NO_COMMON_BLOCKS = YES;
				GCC_OPTIMIZATION_LEVEL = 0;
				GCC_PREPROCESSOR_DEFINITIONS = (
					"DEBUG=1",
					"$(inherited)",
				);
				GCC_WARN_64_TO_32_BIT_CONVERSION = YES;
				GCC_WARN_ABOUT_RETURN_TYPE = YES_ERROR;
				GCC_WARN_UNDECLARED_SELECTOR = YES;
				GCC_WARN_UNINITIALIZED_AUTOS = YES_AGGRESSIVE;
				GCC_WARN_UNUSED_FUNCTION = YES;
				GCC_WARN_UNUSED_VARIABLE = YES;
				IPHONEOS_DEPLOYMENT_TARGET = 9.3;
				MTL_ENABLE_DEBUG_INFO = YES;
				ONLY_ACTIVE_ARCH = YES;
				SDKROOT = iphoneos;
				TARGETED_DEVICE_FAMILY = "1,2";
			};
			name = Debug;
		};
		A88EBD301D1824B70084C9A9 /* Release */ = {
			isa = XCBuildConfiguration;
			buildSettings = {
				ALWAYS_SEARCH_USER_PATHS = NO;
				CLANG_ANALYZER_NONNULL = YES;
				CLANG_CXX_LANGUAGE_STANDARD = "gnu++0x";
				CLANG_CXX_LIBRARY = "libc++";
				CLANG_ENABLE_MODULES = YES;
				CLANG_ENABLE_OBJC_ARC = YES;
				CLANG_WARN_BOOL_CONVERSION = YES;
				CLANG_WARN_CONSTANT_CONVERSION = YES;
				CLANG_WARN_DIRECT_OBJC_ISA_USAGE = YES_ERROR;
				CLANG_WARN_EMPTY_BODY = YES;
				CLANG_WARN_ENUM_CONVERSION = YES;
				CLANG_WARN_INT_CONVERSION = YES;
				CLANG_WARN_OBJC_ROOT_CLASS = YES_ERROR;
				CLANG_WARN_UNREACHABLE_CODE = YES;
				CLANG_WARN__DUPLICATE_METHOD_MATCH = YES;
				"CODE_SIGN_IDENTITY[sdk=iphoneos*]" = "iPhone Developer";
				COPY_PHASE_STRIP = NO;
				DEBUG_INFORMATION_FORMAT = "dwarf-with-dsym";
				ENABLE_NS_ASSERTIONS = NO;
				ENABLE_STRICT_OBJC_MSGSEND = YES;
				GCC_C_LANGUAGE_STANDARD = gnu99;
				GCC_NO_COMMON_BLOCKS = YES;
				GCC_WARN_64_TO_32_BIT_CONVERSION = YES;
				GCC_WARN_ABOUT_RETURN_TYPE = YES_ERROR;
				GCC_WARN_UNDECLARED_SELECTOR = YES;
				GCC_WARN_UNINITIALIZED_AUTOS = YES_AGGRESSIVE;
				GCC_WARN_UNUSED_FUNCTION = YES;
				GCC_WARN_UNUSED_VARIABLE = YES;
				IPHONEOS_DEPLOYMENT_TARGET = 9.3;
				MTL_ENABLE_DEBUG_INFO = NO;
				SDKROOT = iphoneos;
				TARGETED_DEVICE_FAMILY = "1,2";
				VALIDATE_PRODUCT = YES;
			};
			name = Release;
		};
		A88EBD321D1824B70084C9A9 /* Debug */ = {
			isa = XCBuildConfiguration;
			buildSettings = {
				ASSETCATALOG_COMPILER_APPICON_NAME = AppIcon;
				DEVELOPMENT_TEAM = FEX998N55J;
				ENABLE_BITCODE = NO;
				INFOPLIST_FILE = RadaeeViewerLib/Info.plist;
				IPHONEOS_DEPLOYMENT_TARGET = 9.0;
				LD_RUNPATH_SEARCH_PATHS = "$(inherited) @executable_path/Frameworks";
				LIBRARY_SEARCH_PATHS = (
					"$(inherited)",
					"$(PROJECT_DIR)/RadaeeViewerLib",
				);
				OTHER_LDFLAGS = (
					"-ObjC",
					"-lstdc++",
				);
				PRODUCT_BUNDLE_IDENTIFIER = com.radaee.pdf.PDFViewer;
				PRODUCT_NAME = "$(TARGET_NAME)";
			};
			name = Debug;
		};
		A88EBD331D1824B70084C9A9 /* Release */ = {
			isa = XCBuildConfiguration;
			buildSettings = {
				ASSETCATALOG_COMPILER_APPICON_NAME = AppIcon;
				DEVELOPMENT_TEAM = FEX998N55J;
				ENABLE_BITCODE = NO;
				INFOPLIST_FILE = RadaeeViewerLib/Info.plist;
				IPHONEOS_DEPLOYMENT_TARGET = 9.0;
				LD_RUNPATH_SEARCH_PATHS = "$(inherited) @executable_path/Frameworks";
				LIBRARY_SEARCH_PATHS = (
					"$(inherited)",
					"$(PROJECT_DIR)/RadaeeViewerLib",
				);
				OTHER_LDFLAGS = (
					"-ObjC",
					"-lstdc++",
				);
				PRODUCT_BUNDLE_IDENTIFIER = com.radaee.pdf.PDFViewer;
				PRODUCT_NAME = "$(TARGET_NAME)";
			};
			name = Release;
		};
/* End XCBuildConfiguration section */

/* Begin XCConfigurationList section */
		A88EBD151D1824B70084C9A9 /* Build configuration list for PBXProject "RadaeeViewerLib" */ = {
			isa = XCConfigurationList;
			buildConfigurations = (
				A88EBD2F1D1824B70084C9A9 /* Debug */,
				A88EBD301D1824B70084C9A9 /* Release */,
			);
			defaultConfigurationIsVisible = 0;
			defaultConfigurationName = Release;
		};
		A88EBD311D1824B70084C9A9 /* Build configuration list for PBXNativeTarget "RadaeeViewerLib" */ = {
			isa = XCConfigurationList;
			buildConfigurations = (
				A88EBD321D1824B70084C9A9 /* Debug */,
				A88EBD331D1824B70084C9A9 /* Release */,
			);
			defaultConfigurationIsVisible = 0;
			defaultConfigurationName = Release;
		};
/* End XCConfigurationList section */
	};
	rootObject = A88EBD121D1824B70084C9A9 /* Project object */;
}
