
Microsoft Visual Studio Solution File, Format Version 12.00
# Visual Studio 2012
Project("{FAE04EC0-301F-11D3-BF4B-00C04F79EFBC}") = "ReaderXamarin", "ReaderXamarin.csproj", "{7EB5E7D1-4011-406E-BB5B-46A350442CEA}"
EndProject
Global
	GlobalSection(SolutionConfigurationPlatforms) = preSolution
		Debug|iPhoneSimulator = Debug|iPhoneSimulator
		Release|iPhone = Release|iPhone
		Release|iPhoneSimulator = Release|iPhoneSimulator
		Debug|iPhone = Debug|iPhone
	EndGlobalSection
	GlobalSection(ProjectConfigurationPlatforms) = postSolution
		{7EB5E7D1-4011-406E-BB5B-46A350442CEA}.Debug|iPhoneSimulator.ActiveCfg = Debug|iPhoneSimulator
		{7EB5E7D1-4011-406E-BB5B-46A350442CEA}.Debug|iPhoneSimulator.Build.0 = Debug|iPhoneSimulator
		{7EB5E7D1-4011-406E-BB5B-46A350442CEA}.Release|iPhone.ActiveCfg = Release|iPhone
		{7EB5E7D1-4011-406E-BB5B-46A350442CEA}.Release|iPhone.Build.0 = Release|iPhone
		{7EB5E7D1-4011-406E-BB5B-46A350442CEA}.Release|iPhoneSimulator.ActiveCfg = Release|iPhoneSimulator
		{7EB5E7D1-4011-406E-BB5B-46A350442CEA}.Release|iPhoneSimulator.Build.0 = Release|iPhoneSimulator
		{7EB5E7D1-4011-406E-BB5B-46A350442CEA}.Debug|iPhone.ActiveCfg = Debug|iPhone
		{7EB5E7D1-4011-406E-BB5B-46A350442CEA}.Debug|iPhone.Build.0 = Debug|iPhone
	EndGlobalSection
EndGlobal
